
Microsoft Visual Studio Solution File, Format Version 12.00
# Visual Studio 14
VisualStudioVersion = 14.0.25123.0
MinimumVisualStudioVersion = 10.0.40219.1
Project("{29FA3D49-C7AF-4BF1-887B-0BC562EC83A7}") = "Sitecore.Support.94465.97023", "Sitecore.Support.94465.97023\Sitecore.Support.94465.97023.csproj", "{90C12C7F-DEC8-4A8F-AD31-DEF5A1B30259}"
EndProject
Global
	GlobalSection(SolutionConfigurationPlatforms) = preSolution
		Debug|Any CPU = Debug|Any CPU
		Release|Any CPU = Release|Any CPU
	EndGlobalSection
	GlobalSection(ProjectConfigurationPlatforms) = postSolution
		{90C12C7F-DEC8-4A8F-AD31-DEF5A1B30259}.Debug|Any CPU.ActiveCfg = Debug|Any CPU
		{90C12C7F-DEC8-4A8F-AD31-DEF5A1B30259}.Debug|Any CPU.Build.0 = Debug|Any CPU
		{90C12C7F-DEC8-4A8F-AD31-DEF5A1B30259}.Release|Any CPU.ActiveCfg = Release|Any CPU
		{90C12C7F-DEC8-4A8F-AD31-DEF5A1B30259}.Release|Any CPU.Build.0 = Release|Any CPU
	EndGlobalSection
	GlobalSection(SolutionProperties) = preSolution
		HideSolutionNode = FALSE
	EndGlobalSection
EndGlobal
